
Microsoft Visual Studio Solution File, Format Version 12.00
# Visual Studio Version 17
VisualStudioVersion = 17.0.31825.309
MinimumVisualStudioVersion = 10.0.40219.1
Project("{FAE04EC0-301F-11D3-BF4B-00C04F79EFBC}") = "TankInvent", "TankInvent\TankInvent.csproj", "{DBF6FCF5-E1DB-4758-8E3D-06FC2314D34C}"
EndProject
Global
	GlobalSection(SolutionConfigurationPlatforms) = preSolution
		Debug|Any CPU = Debug|Any CPU
		Release|Any CPU = Release|Any CPU
	EndGlobalSection
	GlobalSection(ProjectConfigurationPlatforms) = postSolution
		{DBF6FCF5-E1DB-4758-8E3D-06FC2314D34C}.Debug|Any CPU.ActiveCfg = Debug|Any CPU
		{DBF6FCF5-E1DB-4758-8E3D-06FC2314D34C}.Debug|Any CPU.Build.0 = Debug|Any CPU
		{DBF6FCF5-E1DB-4758-8E3D-06FC2314D34C}.Release|Any CPU.ActiveCfg = Release|Any CPU
		{DBF6FCF5-E1DB-4758-8E3D-06FC2314D34C}.Release|Any CPU.Build.0 = Release|Any CPU
	EndGlobalSection
	GlobalSection(SolutionProperties) = preSolution
		HideSolutionNode = FALSE
	EndGlobalSection
	GlobalSection(ExtensibilityGlobals) = postSolution
		SolutionGuid = {57E3BED1-971C-44FE-87CA-F6BC1670F779}
	EndGlobalSection
EndGlobal
